github.com/davecgh/go-spew v1.1.1 h1:vj9j/u1bqnvCEfJOwUhtlOARqs3+rkHYY13jYWTU97c=
github.com/davecgh/go-spew v1.1.1/go.mod h1:J7Y8YcW2NihsgmVo/mv3lAwl/skON4iLHjSsI+c5H38=
github.com/emicklei/go-restful/v3 v3.9.0 h1:XwgdPJ5V3g8Nay8Pjmdk1TG2GyuAIiactVhvF6eKpW8=
github.com/emicklei/go-restful/v3 v3.9.0/go.mod h1:6n3XBCmQQb25CM2LBACGiohkM6vOyRek+1uOQ4sYjBY=
github.com/go-logr/logr v1.2.4 h1:g01GSCwiDw2xSZfjJ2T9mS0L51vzV2+W+QZ+8K7Wn0Y=
github.com/go-logr/logr v1.2.4/go.mod h1:jdQByPbusPIv2/zmouSSXLCyIeSdEa64zR2pwXkN3NY=
github.com/go-openapi/jsonpointer v0.19.6 h1:eUk3kFTXQxOf6SJf8kCDdaK9geiMdd2fZt8giQvOayc=
github.com/go-openapi/jsonpointer v0.19.6/go.mod h1:Pl9vOtqEWErmShwVjC8pYs9cog34VGT37dQOVbmoatg=
github.com/go-openapi/jsonreference v0.20.2 h1:MYlu0sBgChmCfJxxUKZ8g1cPWFOB37YSZqewKds7BgQ=
github.com/go-openapi/jsonreference v0.20.2/go.mod h1:Ag74Ico1lH3y4iQHKU6l/eZ3qN8zQ5Qbqjn6t5GtA6k=
github.com/go-openapi/swag v0.22.3 h1:slMB6NL3dN3Z9hmai5mv1lj0RY7tT5Q2pgSikj50QkY=
github.com/go-openapi/swag v0.22.3/go.mod h1:UzaqsOyGiYDRuVOxAWK4xP4o8A2Xb0NqH8lYb0Hw9E4=
github.com/gogo/protobuf v1.3.2 h1:Ov1cvc58UF3b5XjBnZv7+opcTcQFZebYjWzi34vdm4Q=
github.com/gogo/protobuf v1.3.2/go.mod h1:P1XiOD3dCwIKUDQYPy72D8LYyHL2YPYrpS2s69NZV8Q=
github.com/golang/protobuf v1.5.3 h1:KhyjKVUg7Usr/dYsdSqoFveMYd5ko52DzEIroV2fv0U=
github.com/golang/protobuf v1.5.3/go.mod h1:XVQd3VNwM+JqD3oG2Ue2FS4ONkcXU6oEjhr6lNV+Y2Q=
github.com/google/gnostic-models v0.6.8 h1:0mXZz0nBYu2aV6p5f8/3i7pBV0Q7w9kF3Y3y3k3k3k3k=
github.com/google/gnostic-models v0.6.8/go.mod h1:l+3lS0gJjJvXZa8T3h5oFlkP4xVoF93zAXa6czbL8xU=
github.com/google/go-cmp v0.5.9 h1:O2Tfq5qg4qc4AmwVlvv0oLiVAGB7enBSJ2x2DqQFi38=
github.com/google/go-cmp v0.5.9/go.mod h1:17dUlkBOakJ0+DkrSSNjCkIjxS6bF7zbLiYUEwRUnfE=
github.com/google/gofuzz v1.2.0 h1:xRy4A6RHTAkwp7tvD7Xx6P6V7H8FYqQ7W9vUzN2k3k3k=
github.com/google/gofuzz v1.2.0/go.mod h1:d47u/+HFpB8ZXDgRJ9UAeqAmo1yupzyF6HX9R2ELJwk=
github.com/google/uuid v1.3.0 h1:t6JiXgmwXMjEs8VUx6tVejH/r6oeaBSLCFzSdkGjqCQ=
github.com/google/uuid v1.3.0/go.mod h1:TIyPze4+wVt88AO3wmOni672LzKaBUQoxYZ5nEywbXQ=
github.com/imdario/mergo v0.3.6 h1:2EnQnb0GrH2+7v0XmgqYgulRU4aE1vAGERnKFEJ9to0=
github.com/imdario/mergo v0.3.6/go.mod h1:2EnQnb0GrH2+7v0XmgqYgulRU4aE1vAGERnKFEJ9to0=
github.com/inconshreveable/mousetrap v1.1.0 h1:U3uMjPSQEBMNp1lFxmllqCPa6uWq8xS3VFndMhuyhs4=
github.com/inconshreveable/mousetrap v1.1.0/go.mod h1:vpF70FUmC8bwa3OWnCshd2FqLfsEA9PFc4w1p2J65bw=
github.com/josharian/intern v1.0.0 h1:vlS4z54oSdjm0bgjRigI+G1HpF+tI+9rE5LLyOg8eqs=
github.com/josharian/intern v1.0.0/go.mod h1:5DoeVV0s6jJacbCEi61lwdGj/aVlrQvzHFFd8Hwg//Y=
github.com/json-iterator/go v1.1.12 h1:PV8peI4a0ysnczrg+LtxykD8LfKY9ML6u2jnxaEnrnM=
github.com/json-iterator/go v1.1.12/go.mod h1:e30XqYhXdwuIv+qAs5IyeicDm2Hd76CxK8bJf4aeVyI=
github.com/mailru/easyjson v0.7.7 h1:aUGb7Lhl3/C6Z4jN1L2U4gKQpQMLQo6Xj2kvD9LQ0Y0=
github.com/mailru/easyjson v0.7.7/go.mod h1:xzfreul335JAWq5oZzymOObrkdz5UnU4kGfJJLY9Nlc=
github.com/modern-go/concurrent v0.0.0-20180306012644-bacd9c7ef1dd h1:ZqeYNhU3OHLH3mGKHDcjJRFFRrJa6eAM5H+CtDdOsUc=
github.com/modern-go/concurrent v0.0.0-20180306012644-bacd9c7ef1dd/go.mod h1:6dJC0mAP4ikYIbvyc7fijjWJddQyLn8Ig3JB5CqoB9Q=
github.com/modern-go/reflect2 v1.0.2 h1:xBagoLtFs94CBntxluKeaWgTMpvLxC4ur3nMaC9Gz0M=
github.com/modern-go/reflect2 v1.0.2/go.mod h1:yWuevngMOJpCy52FWWMvUC8ws7m/LJsjYzDa0G8h0JQ=
github.com/munnerz/goautoneg v0.0.0-20191010083416-a7dc8b61c822 h1:C3w9PqII01/Oq1c1nUAm88M6c5ukPaXJERJiktZl4PA=
github.com/munnerz/goautoneg v0.0.0-20191010083416-a7dc8b61c822/go.mod h1:en+8sL8qPZdxfv/IML7SK0JzV7ovt2vXWJ48pd9G1uI=
github.com/pkg/errors v0.9.1 h1:FEBLx1zS2140p0Afas5cKD2sLQ1ZbN4QHi54UftT3wM=
github.com/pkg/errors v0.9.1/go.mod h1:bwawxfHBFNV+L2hUp1rHADufV3IMtnDRdf1r5NINEl0=
github.com/spf13/cobra v1.7.0 h1:hy6Wmw5dL3+x6y3J5CQs5pJaTt3irv02VgORm2MWdQE=
github.com/spf13/cobra v1.7.0/go.mod h1:uLxZILRyS/50WlhOIKD7W6V5bgeIt+4sICxhLPuUXP4=
github.com/spf13/pflag v1.0.5 h1:iy+VFUOCP1a+8yFto/drg2CJ5u0yRoQhMA2H8krG1uE=
github.com/spf13/pflag v1.0.5/go.mod h1:McXfInJRrz4CZXVZOBLb0bTZqETkiAhM9Iw0y3An2Bg=
golang.org/x/net v0.13.0 h1:mI2CO2M7NUu1akQb8+O5ORcfnLtycG7hcOOUkwJY3zY=
golang.org/x/net v0.13.0/go.mod h1:0qNGK6F8kojg2nk9dLZ2mShWaEBan6FAoqfSigmmuDg=
golang.org/x/oauth2 v0.8.0 h1:6dkIjl3j3LtZ/OoE6AW4japi2J2XNa92xq0+5Abfe0Q=
golang.org/x/oauth2 v0.8.0/go.mod h1:qJv4s0B8nnT8czXuR7xRIRBef6L0r6np41v80OWWfq0=
golang.org/x/sys v0.10.0 h1:SqMFp9UcQJSk+5GIj8yfdWjQR+hxF/63jzAMCN3LyaI=
golang.org/x/sys v0.10.0/go.mod h1:oPkhp1MJrh7nUepCBck5+mAzfO9JrbApNNgaTdGDITg=
golang.org/x/term v0.10.0 h1:3R7pNqamzBraeqj/Tj8qt1aQ2HpmlC+Cx/qL/7hn4/c=
golang.org/x/term v0.10.0/go.mod h1:lpqdcUyK/oCiQxvxVrppt5QVgvH7OT0+1gN/lz7+4R4=
golang.org/x/text v0.11.0 h1:LAntKIrcgeqyrky1+yRs06p/9QyU3S6kgAlgqorYjJM=
golang.org/x/text v0.11.0/go.mod h1:1BRpo0i2j6vjj4dX8py0IC8rcLjJGHcWtfy2H2Hm0vw=
golang.org/x/time v0.3.0 h1:rg5rLMjNzMS1RkNLzCG38eapWhMmLk8tmuE3lMJoeHw=
golang.org/x/time v0.3.0/go.mod h1:tRBRIiHocbXq4kX6q1/2Zz+T6R6+K3qktMoxhY/7lsU=
google.golang.org/appengine v1.6.7 h1:FbR/7KwIq8iKuFdrDZkF4xz+8VzC5HmKpv7x/2oH5wM=
google.golang.org/appengine v1.6.7/go.mod h1:8Wj4xj9WRk/fck0+i3Fj0nHYXZdo14b2a7pvfAEXfSU=
google.golang.org/protobuf v1.31.0 h1:g0LDEJHgrBl9N9r17Ru3sqWhkIx2NF67Vx19a7F0o=
google.golang.org/protobuf v1.31.0/go.mod h1:HV8QOd/L58Z+nlSrz70yIuVxiQE8X4yZT6R2Nq7awM=
gopkg.in/inf.v0 v0.9.1 h1:73M5CoZyi3rWO1CEkfTkm1zKhEIcXpMqM1MZ+DCjF24=
gopkg.in/inf.v0 v0.9.1/go.mod h1:cWUDdTG/fYaXco+Dcufb5Vnc6Gp2YChqWtbxRZE0mXw=
gopkg.in/yaml.v2 v2.4.0 h1:D8xgwECY7CYvx+Y2n4sBz93Jn9JRvxdiyyo8CTfuKaY=
gopkg.in/yaml.v2 v2.4.0/go.mod h1:RDklbk79AGWmwhnvt/jBztapEOGDOx6ZbXqjP6csGnQ=
gopkg.in/yaml.v3 v3.0.1 h1:fxVm/GzAzEWqLHuvctI91KS9hNfuaVjgOK0DBRJA+WY=
gopkg.in/yaml.v3 v3.0.1/go.mod h1:K4uyk7z7BCEPqu6E+C64Yfv1cQ7kz7rIZviUmN+EgEM=
k8s.io/api v0.28.4 h1:4hT6hW1kH3Q4hT6hW1kH3Q4hT6hW1kH3Q4hT6hW1kH3Q=
k8s.io/api v0.28.4/go.mod h1:4hT6hW1kH3Q4hT6hW1kH3Q4hT6hW1kH3Q4hT6hW1kH3Q=
k8s.io/apimachinery v0.28.4 h1:4hT6hW1kH3Q4hT6hW1kH3Q4hT6hW1kH3Q4hT6hW1kH3Q=
k8s.io/apimachinery v0.28.4/go.mod h1:4hT6hW1kH3Q4hT6hW1kH3Q4hT6hW1kH3Q4hT6hW1kH3Q=
k8s.io/client-go v0.28.4 h1:4hT6hW1kH3Q4hT6hW1kH3Q4hT6hW1kH3Q4hT6hW1kH3Q=
k8s.io/client-go v0.28.4/go.mod h1:4hT6hW1kH3Q4hT6hW1kH3Q4hT6hW1kH3Q4hT6hW1kH3Q=
k8s.io/klog/v2 v2.100.1 h1:4hT6hW1kH3Q4hT6hW1kH3Q4hT6hW1kH3Q4hT6hW1kH3Q=
k8s.io/klog/v2 v2.100.1/go.mod h1:4hT6hW1kH3Q4hT6hW1kH3Q4hT6hW1kH3Q4hT6hW1kH3Q=
k8s.io/utils v0.0.0-20230726121419-3b25d923346b h1:4hT6hW1kH3Q4hT6hW1kH3Q4hT6hW1kH3Q4hT6hW1kH3Q=
k8s.io/utils v0.0.0-20230726121419-3b25d923346b/go.mod h1:4hT6hW1kH3Q4hT6hW1kH3Q4hT6hW1kH3Q4hT6hW1kH3Q=
sigs.k8s.io/json v0.0.0-20221116044647-bc3834ca7abd h1:4hT6hW1kH3Q4hT6hW1kH3Q4hT6hW1kH3Q4hT6hW1kH3Q=
sigs.k8s.io/json v0.0.0-20221116044647-bc3834ca7abd/go.mod h1:4hT6hW1kH3Q4hT6hW1kH3Q4hT6hW1kH3Q4hT6hW1kH3Q=
sigs.k8s.io/structured-merge-diff/v4 v4.3.0 h1:4hT6hW1kH3Q4hT6hW1kH3Q4hT6hW1kH3Q4hT6hW1kH3Q=
sigs.k8s.io/structured-merge-diff/v4 v4.3.0/go.mod h1:4hT6hW1kH3Q4hT6hW1kH3Q4hT6hW1kH3Q4hT6hW1kH3Q=
sigs.k8s.io/yaml v1.3.0 h1:4hT6hW1kH3Q4hT6hW1kH3Q4hT6hW1kH3Q4hT6hW1kH3Q=
sigs.k8s.io/yaml v1.3.0/go.mod h1:4hT6hW1kH3Q4hT6hW1kH3Q4hT6hW1kH3Q4hT6hW1kH3Q=
